// !$*UTF8*$!
{
	archiveVersion = 1;
	classes = {
	};
	objectVersion = 56;
	objects = {

/* Begin PBXBuildFile section */
		E40FE4FB28D2B535004D4296 /* PexelRequest.swift in Sources */ = {isa = PBXBuildFile; fileRef = E40FE4FA28D2B535004D4296 /* PexelRequest.swift */; };
		E40FE4FD28D3049E004D4296 /* PexelRequestBuilder.swift in Sources */ = {isa = PBXBuildFile; fileRef = E40FE4FC28D3049E004D4296 /* PexelRequestBuilder.swift */; };
		E4B7E41828D1758500C69D4E /* SerotonixApp.swift in Sources */ = {isa = PBXBuildFile; fileRef = E4B7E41728D1758500C69D4E /* SerotonixApp.swift */; };
		E4B7E41A28D1758500C69D4E /* ContentView.swift in Sources */ = {isa = PBXBuildFile; fileRef = E4B7E41928D1758500C69D4E /* ContentView.swift */; };
		E4B7E41C28D1758600C69D4E /* Assets.xcassets in Resources */ = {isa = PBXBuildFile; fileRef = E4B7E41B28D1758600C69D4E /* Assets.xcassets */; };
		E4B7E41F28D1758600C69D4E /* Preview Assets.xcassets in Resources */ = {isa = PBXBuildFile; fileRef = E4B7E41E28D1758600C69D4E /* Preview Assets.xcassets */; };
		E4B7E42928D1758600C69D4E /* SerotonixTests.swift in Sources */ = {isa = PBXBuildFile; fileRef = E4B7E42828D1758600C69D4E /* SerotonixTests.swift */; };
		E4B7E43328D1758600C69D4E /* SerotonixUITests.swift in Sources */ = {isa = PBXBuildFile; fileRef = E4B7E43228D1758600C69D4E /* SerotonixUITests.swift */; };
		E4B7E43528D1758600C69D4E /* SerotonixUITestsLaunchTests.swift in Sources */ = {isa = PBXBuildFile; fileRef = E4B7E43428D1758600C69D4E /* SerotonixUITestsLaunchTests.swift */; };
		E4B7E44328D1760800C69D4E /* Pexel.swift in Sources */ = {isa = PBXBuildFile; fileRef = E4B7E44228D1760800C69D4E /* Pexel.swift */; };
/* End PBXBuildFile section */

/* Begin PBXContainerItemProxy section */
		E4B7E42528D1758600C69D4E /* PBXContainerItemProxy */ = {
			isa = PBXContainerItemProxy;
			containerPortal = E4B7E40C28D1758400C69D4E /* Project object */;
			proxyType = 1;
			remoteGlobalIDString = E4B7E41328D1758500C69D4E;
			remoteInfo = Serotonix;
		};
		E4B7E42F28D1758600C69D4E /* PBXContainerItemProxy */ = {
			isa = PBXContainerItemProxy;
			containerPortal = E4B7E40C28D1758400C69D4E /* Project object */;
			proxyType = 1;
			remoteGlobalIDString = E4B7E41328D1758500C69D4E;
			remoteInfo = Serotonix;
		};
/* End PBXContainerItemProxy section */

/* Begin PBXFileReference section */
		E40FE4FA28D2B535004D4296 /* PexelRequest.swift */ = {isa = PBXFileReference; lastKnownFileType = sourcecode.swift; path = PexelRequest.swift; sourceTree = "<group>"; };
		E40FE4FC28D3049E004D4296 /* PexelRequestBuilder.swift */ = {isa = PBXFileReference; lastKnownFileType = sourcecode.swift; path = PexelRequestBuilder.swift; sourceTree = "<group>"; };
		E4B7E41428D1758500C69D4E /* Serotonix.app */ = {isa = PBXFileReference; explicitFileType = wrapper.application; includeInIndex = 0; path = Serotonix.app; sourceTree = BUILT_PRODUCTS_DIR; };
		E4B7E41728D1758500C69D4E /* SerotonixApp.swift */ = {isa = PBXFileReference; lastKnownFileType = sourcecode.swift; path = SerotonixApp.swift; sourceTree = "<group>"; };
		E4B7E41928D1758500C69D4E /* ContentView.swift */ = {isa = PBXFileReference; lastKnownFileType = sourcecode.swift; path = ContentView.swift; sourceTree = "<group>"; };
		E4B7E41B28D1758600C69D4E /* Assets.xcassets */ = {isa = PBXFileReference; lastKnownFileType = folder.assetcatalog; path = Assets.xcassets; sourceTree = "<group>"; };
		E4B7E41E28D1758600C69D4E /* Preview Assets.xcassets */ = {isa = PBXFileReference; lastKnownFileType = folder.assetcatalog; path = "Preview Assets.xcassets"; sourceTree = "<group>"; };
		E4B7E42428D1758600C69D4E /* SerotonixTests.xctest */ = {isa = PBXFileReference; explicitFileType = wrapper.cfbundle; includeInIndex = 0; path = SerotonixTests.xctest; sourceTree = BUILT_PRODUCTS_DIR; };
		E4B7E42828D1758600C69D4E /* SerotonixTests.swift */ = {isa = PBXFileReference; lastKnownFileType = sourcecode.swift; path = SerotonixTests.swift; sourceTree = "<group>"; };
		E4B7E42E28D1758600C69D4E /* SerotonixUITests.xctest */ = {isa = PBXFileReference; explicitFileType = wrapper.cfbundle; includeInIndex = 0; path = SerotonixUITests.xctest; sourceTree = BUILT_PRODUCTS_DIR; };
		E4B7E43228D1758600C69D4E /* SerotonixUITests.swift */ = {isa = PBXFileReference; lastKnownFileType = sourcecode.swift; path = SerotonixUITests.swift; sourceTree = "<group>"; };
		E4B7E43428D1758600C69D4E /* SerotonixUITestsLaunchTests.swift */ = {isa = PBXFileReference; lastKnownFileType = sourcecode.swift; path = SerotonixUITestsLaunchTests.swift; sourceTree = "<group>"; };
		E4B7E44228D1760800C69D4E /* Pexel.swift */ = {isa = PBXFileReference; lastKnownFileType = sourcecode.swift; path = Pexel.swift; sourceTree = "<group>"; };
		E4B7E44728D28D2800C69D4E /* Config.xcconfig */ = {isa = PBXFileReference; lastKnownFileType = text.xcconfig; path = Config.xcconfig; sourceTree = "<group>"; };
		E4B7E44828D2991200C69D4E /* Info.plist */ = {isa = PBXFileReference; lastKnownFileType = text.plist; path = Info.plist; sourceTree = "<group>"; };
/* End PBXFileReference section */

/* Begin PBXFrameworksBuildPhase section */
		E4B7E41128D1758500C69D4E /* Frameworks */ = {
			isa = PBXFrameworksBuildPhase;
			buildActionMask = 2147483647;
			files = (
			);
			runOnlyForDeploymentPostprocessing = 0;
		};
		E4B7E42128D1758600C69D4E /* Frameworks */ = {
			isa = PBXFrameworksBuildPhase;
			buildActionMask = 2147483647;
			files = (
			);
			runOnlyForDeploymentPostprocessing = 0;
		};
		E4B7E42B28D1758600C69D4E /* Frameworks */ = {
			isa = PBXFrameworksBuildPhase;
			buildActionMask = 2147483647;
			files = (
			);
			runOnlyForDeploymentPostprocessing = 0;
		};
/* End PBXFrameworksBuildPhase section */

/* Begin PBXGroup section */
		E4B7E40B28D1758400C69D4E = {
			isa = PBXGroup;
			children = (
				E4B7E41528D1758500C69D4E /* Products */,
				E4B7E41628D1758500C69D4E /* Serotonix */,
				E4B7E42728D1758600C69D4E /* SerotonixTests */,
				E4B7E43128D1758600C69D4E /* SerotonixUITests */,
			);
			sourceTree = "<group>";
		};
		E4B7E41528D1758500C69D4E /* Products */ = {
			isa = PBXGroup;
			children = (
				E4B7E41428D1758500C69D4E /* Serotonix.app */,
				E4B7E42428D1758600C69D4E /* SerotonixTests.xctest */,
				E4B7E42E28D1758600C69D4E /* SerotonixUITests.xctest */,
			);
			name = Products;
			sourceTree = "<group>";
		};
		E4B7E41628D1758500C69D4E /* Serotonix */ = {
			isa = PBXGroup;
			children = (
				E4B7E44828D2991200C69D4E /* Info.plist */,
				E4B7E41728D1758500C69D4E /* SerotonixApp.swift */,
				E4B7E44728D28D2800C69D4E /* Config.xcconfig */,
				E4B7E44528D177DC00C69D4E /* Models */,
				E4B7E44128D175F300C69D4E /* ViewModels */,
				E4B7E41928D1758500C69D4E /* ContentView.swift */,
				E4B7E41B28D1758600C69D4E /* Assets.xcassets */,
				E4B7E41D28D1758600C69D4E /* Preview Content */,
			);
			path = Serotonix;
			sourceTree = "<group>";
		};
		E4B7E41D28D1758600C69D4E /* Preview Content */ = {
			isa = PBXGroup;
			children = (
				E4B7E41E28D1758600C69D4E /* Preview Assets.xcassets */,
			);
			path = "Preview Content";
			sourceTree = "<group>";
		};
		E4B7E42728D1758600C69D4E /* SerotonixTests */ = {
			isa = PBXGroup;
			children = (
				E4B7E42828D1758600C69D4E /* SerotonixTests.swift */,
			);
			path = SerotonixTests;
			sourceTree = "<group>";
		};
		E4B7E43128D1758600C69D4E /* SerotonixUITests */ = {
			isa = PBXGroup;
			children = (
				E4B7E43228D1758600C69D4E /* SerotonixUITests.swift */,
				E4B7E43428D1758600C69D4E /* SerotonixUITestsLaunchTests.swift */,
			);
			path = SerotonixUITests;
			sourceTree = "<group>";
		};
		E4B7E44128D175F300C69D4E /* ViewModels */ = {
			isa = PBXGroup;
			children = (
			);
			path = ViewModels;
			sourceTree = "<group>";
		};
		E4B7E44528D177DC00C69D4E /* Models */ = {
			isa = PBXGroup;
			children = (
				E4B7E44228D1760800C69D4E /* Pexel.swift */,
				E40FE4FA28D2B535004D4296 /* PexelRequest.swift */,
				E40FE4FC28D3049E004D4296 /* PexelRequestBuilder.swift */,
			);
			path = Models;
			sourceTree = "<group>";
		};
/* End PBXGroup section */

/* Begin PBXNativeTarget section */
		E4B7E41328D1758500C69D4E /* Serotonix */ = {
			isa = PBXNativeTarget;
			buildConfigurationList = E4B7E43828D1758600C69D4E /* Build configuration list for PBXNativeTarget "Serotonix" */;
			buildPhases = (
				E4B7E41028D1758500C69D4E /* Sources */,
				E4B7E41128D1758500C69D4E /* Frameworks */,
				E4B7E41228D1758500C69D4E /* Resources */,
			);
			buildRules = (
			);
			dependencies = (
			);
			name = Serotonix;
			productName = Serotonix;
			productReference = E4B7E41428D1758500C69D4E /* Serotonix.app */;
			productType = "com.apple.product-type.application";
		};
		E4B7E42328D1758600C69D4E /* SerotonixTests */ = {
			isa = PBXNativeTarget;
			buildConfigurationList = E4B7E43B28D1758600C69D4E /* Build configuration list for PBXNativeTarget "SerotonixTests" */;
			buildPhases = (
				E4B7E42028D1758600C69D4E /* Sources */,
				E4B7E42128D1758600C69D4E /* Frameworks */,
				E4B7E42228D1758600C69D4E /* Resources */,
			);
			buildRules = (
			);
			dependencies = (
				E4B7E42628D1758600C69D4E /* PBXTargetDependency */,
			);
			name = SerotonixTests;
			productName = SerotonixTests;
			productReference = E4B7E42428D1758600C69D4E /* SerotonixTests.xctest */;
			productType = "com.apple.product-type.bundle.unit-test";
		};
		E4B7E42D28D1758600C69D4E /* SerotonixUITests */ = {
			isa = PBXNativeTarget;
			buildConfigurationList = E4B7E43E28D1758600C69D4E /* Build configuration list for PBXNativeTarget "SerotonixUITests" */;
			buildPhases = (
				E4B7E42A28D1758600C69D4E /* Sources */,
				E4B7E42B28D1758600C69D4E /* Frameworks */,
				E4B7E42C28D1758600C69D4E /* Resources */,
			);
			buildRules = (
			);
			dependencies = (
				E4B7E43028D1758600C69D4E /* PBXTargetDependency */,
			);
			name = SerotonixUITests;
			productName = SerotonixUITests;
			productReference = E4B7E42E28D1758600C69D4E /* SerotonixUITests.xctest */;
			productType = "com.apple.product-type.bundle.ui-testing";
		};
/* End PBXNativeTarget section */

/* Begin PBXProject section */
		E4B7E40C28D1758400C69D4E /* Project object */ = {
			isa = PBXProject;
			attributes = {
				BuildIndependentTargetsInParallel = 1;
				LastSwiftUpdateCheck = 1400;
				LastUpgradeCheck = 1400;
				TargetAttributes = {
					E4B7E41328D1758500C69D4E = {
						CreatedOnToolsVersion = 14.0;
					};
					E4B7E42328D1758600C69D4E = {
						CreatedOnToolsVersion = 14.0;
						TestTargetID = E4B7E41328D1758500C69D4E;
					};
					E4B7E42D28D1758600C69D4E = {
						CreatedOnToolsVersion = 14.0;
						TestTargetID = E4B7E41328D1758500C69D4E;
					};
				};
			};
			buildConfigurationList = E4B7E40F28D1758400C69D4E /* Build configuration list for PBXProject "Serotonix" */;
			compatibilityVersion = "Xcode 14.0";
			developmentRegion = en;
			hasScannedForEncodings = 0;
			knownRegions = (
				en,
				Base,
			);
			mainGroup = E4B7E40B28D1758400C69D4E;
			productRefGroup = E4B7E41528D1758500C69D4E /* Products */;
			projectDirPath = "";
			projectRoot = "";
			targets = (
				E4B7E41328D1758500C69D4E /* Serotonix */,
				E4B7E42328D1758600C69D4E /* SerotonixTests */,
				E4B7E42D28D1758600C69D4E /* SerotonixUITests */,
			);
		};
/* End PBXProject section */

/* Begin PBXResourcesBuildPhase section */
		E4B7E41228D1758500C69D4E /* Resources */ = {
			isa = PBXResourcesBuildPhase;
			buildActionMask = 2147483647;
			files = (
				E4B7E41F28D1758600C69D4E /* Preview Assets.xcassets in Resources */,
				E4B7E41C28D1758600C69D4E /* Assets.xcassets in Resources */,
			);
			runOnlyForDeploymentPostprocessing = 0;
		};
		E4B7E42228D1758600C69D4E /* Resources */ = {
			isa = PBXResourcesBuildPhase;
			buildActionMask = 2147483647;
			files = (
			);
			runOnlyForDeploymentPostprocessing = 0;
		};
		E4B7E42C28D1758600C69D4E /* Resources */ = {
			isa = PBXResourcesBuildPhase;
			buildActionMask = 2147483647;
			files = (
			);
			runOnlyForDeploymentPostprocessing = 0;
		};
/* End PBXResourcesBuildPhase section */

/* Begin PBXSourcesBuildPhase section */
		E4B7E41028D1758500C69D4E /* Sources */ = {
			isa = PBXSourcesBuildPhase;
			buildActionMask = 2147483647;
			files = (
				E40FE4FD28D3049E004D4296 /* PexelRequestBuilder.swift in Sources */,
				E40FE4FB28D2B535004D4296 /* PexelRequest.swift in Sources */,
				E4B7E44328D1760800C69D4E /* Pexel.swift in Sources */,
				E4B7E41A28D1758500C69D4E /* ContentView.swift in Sources */,
				E4B7E41828D1758500C69D4E /* SerotonixApp.swift in Sources */,
			);
			runOnlyForDeploymentPostprocessing = 0;
		};
		E4B7E42028D1758600C69D4E /* Sources */ = {
			isa = PBXSourcesBuildPhase;
			buildActionMask = 2147483647;
			files = (
				E4B7E42928D1758600C69D4E /* SerotonixTests.swift in Sources */,
			);
			runOnlyForDeploymentPostprocessing = 0;
		};
		E4B7E42A28D1758600C69D4E /* Sources */ = {
			isa = PBXSourcesBuildPhase;
			buildActionMask = 2147483647;
			files = (
				E4B7E43528D1758600C69D4E /* SerotonixUITestsLaunchTests.swift in Sources */,
				E4B7E43328D1758600C69D4E /* SerotonixUITests.swift in Sources */,
			);
			runOnlyForDeploymentPostprocessing = 0;
		};
/* End PBXSourcesBuildPhase section */

/* Begin PBXTargetDependency section */
		E4B7E42628D1758600C69D4E /* PBXTargetDependency */ = {
			isa = PBXTargetDependency;
			target = E4B7E41328D1758500C69D4E /* Serotonix */;
			targetProxy = E4B7E42528D1758600C69D4E /* PBXContainerItemProxy */;
		};
		E4B7E43028D1758600C69D4E /* PBXTargetDependency */ = {
			isa = PBXTargetDependency;
			target = E4B7E41328D1758500C69D4E /* Serotonix */;
			targetProxy = E4B7E42F28D1758600C69D4E /* PBXContainerItemProxy */;
		};
/* End PBXTargetDependency section */

/* Begin XCBuildConfiguration section */
		E4B7E43628D1758600C69D4E /* Debug */ = {
			isa = XCBuildConfiguration;
			baseConfigurationReference = E4B7E44728D28D2800C69D4E /* Config.xcconfig */;
			buildSettings = {
				ALWAYS_SEARCH_USER_PATHS = NO;
				CLANG_ANALYZER_NONNULL = YES;
				CLANG_ANALYZER_NUMBER_OBJECT_CONVERSION = YES_AGGRESSIVE;
				CLANG_CXX_LANGUAGE_STANDARD = "gnu++20";
				CLANG_ENABLE_MODULES = YES;
				CLANG_ENABLE_OBJC_ARC = YES;
				CLANG_ENABLE_OBJC_WEAK = YES;
				CLANG_WARN_BLOCK_CAPTURE_AUTORELEASING = YES;
				CLANG_WARN_BOOL_CONVERSION = YES;
				CLANG_WARN_COMMA = YES;
				CLANG_WARN_CONSTANT_CONVERSION = YES;
				CLANG_WARN_DEPRECATED_OBJC_IMPLEMENTATIONS = YES;
				CLANG_WARN_DIRECT_OBJC_ISA_USAGE = YES_ERROR;
				CLANG_WARN_DOCUMENTATION_COMMENTS = YES;
				CLANG_WARN_EMPTY_BODY = YES;
				CLANG_WARN_ENUM_CONVERSION = YES;
				CLANG_WARN_INFINITE_RECURSION = YES;
				CLANG_WARN_INT_CONVERSION = YES;
				CLANG_WARN_NON_LITERAL_NULL_CONVERSION = YES;
				CLANG_WARN_OBJC_IMPLICIT_RETAIN_SELF = YES;
				CLANG_WARN_OBJC_LITERAL_CONVERSION = YES;
				CLANG_WARN_OBJC_ROOT_CLASS = YES_ERROR;
				CLANG_WARN_QUOTED_INCLUDE_IN_FRAMEWORK_HEADER = YES;
				CLANG_WARN_RANGE_LOOP_ANALYSIS = YES;
				CLANG_WARN_STRICT_PROTOTYPES = YES;
				CLANG_WARN_SUSPICIOUS_MOVE = YES;
				CLANG_WARN_UNGUARDED_AVAILABILITY = YES_AGGRESSIVE;
				CLANG_WARN_UNREACHABLE_CODE = YES;
				CLANG_WARN__DUPLICATE_METHOD_MATCH = YES;
				COPY_PHASE_STRIP = NO;
				DEBUG_INFORMATION_FORMAT = dwarf;
				ENABLE_STRICT_OBJC_MSGSEND = YES;
				ENABLE_TESTABILITY = YES;
				GCC_C_LANGUAGE_STANDARD = gnu11;
				GCC_DYNAMIC_NO_PIC = NO;
				GCC_NO_COMMON_BLOCKS = YES;
				GCC_OPTIMIZATION_LEVEL = 0;
				GCC_PREPROCESSOR_DEFINITIONS = (
					"DEBUG=1",
					"$(inherited)",
				);
				GCC_WARN_64_TO_32_BIT_CONVERSION = YES;
				GCC_WARN_ABOUT_RETURN_TYPE = YES_ERROR;
				GCC_WARN_UNDECLARED_SELECTOR = YES;
				GCC_WARN_UNINITIALIZED_AUTOS = YES_AGGRESSIVE;
				GCC_WARN_UNUSED_FUNCTION = YES;
				GCC_WARN_UNUSED_VARIABLE = YES;
				IPHONEOS_DEPLOYMENT_TARGET = 16.0;
				MTL_ENABLE_DEBUG_INFO = INCLUDE_SOURCE;
				MTL_FAST_MATH = YES;
				ONLY_ACTIVE_ARCH = YES;
				SDKROOT = iphoneos;
				SWIFT_ACTIVE_COMPILATION_CONDITIONS = DEBUG;
				SWIFT_OPTIMIZATION_LEVEL = "-Onone";
			};
			name = Debug;
		};
		E4B7E43728D1758600C69D4E /* Release */ = {
			isa = XCBuildConfiguration;
			buildSettings = {
				ALWAYS_SEARCH_USER_PATHS = NO;
				CLANG_ANALYZER_NONNULL = YES;
				CLANG_ANALYZER_NUMBER_OBJECT_CONVERSION = YES_AGGRESSIVE;
				CLANG_CXX_LANGUAGE_STANDARD = "gnu++20";
				CLANG_ENABLE_MODULES = YES;
				CLANG_ENABLE_OBJC_ARC = YES;
				CLANG_ENABLE_OBJC_WEAK = YES;
				CLANG_WARN_BLOCK_CAPTURE_AUTORELEASING = YES;
				CLANG_WARN_BOOL_CONVERSION = YES;
				CLANG_WARN_COMMA = YES;
				CLANG_WARN_CONSTANT_CONVERSION = YES;
				CLANG_WARN_DEPRECATED_OBJC_IMPLEMENTATIONS = YES;
				CLANG_WARN_DIRECT_OBJC_ISA_USAGE = YES_ERROR;
				CLANG_WARN_DOCUMENTATION_COMMENTS = YES;
				CLANG_WARN_EMPTY_BODY = YES;
				CLANG_WARN_ENUM_CONVERSION = YES;
				CLANG_WARN_INFINITE_RECURSION = YES;
				CLANG_WARN_INT_CONVERSION = YES;
				CLANG_WARN_NON_LITERAL_NULL_CONVERSION = YES;
				CLANG_WARN_OBJC_IMPLICIT_RETAIN_SELF = YES;
				CLANG_WARN_OBJC_LITERAL_CONVERSION = YES;
				CLANG_WARN_OBJC_ROOT_CLASS = YES_ERROR;
				CLANG_WARN_QUOTED_INCLUDE_IN_FRAMEWORK_HEADER = YES;
				CLANG_WARN_RANGE_LOOP_ANALYSIS = YES;
				CLANG_WARN_STRICT_PROTOTYPES = YES;
				CLANG_WARN_SUSPICIOUS_MOVE = YES;
				CLANG_WARN_UNGUARDED_AVAILABILITY = YES_AGGRESSIVE;
				CLANG_WARN_UNREACHABLE_CODE = YES;
				CLANG_WARN__DUPLICATE_METHOD_MATCH = YES;
				COPY_PHASE_STRIP = NO;
				DEBUG_INFORMATION_FORMAT = "dwarf-with-dsym";
				ENABLE_NS_ASSERTIONS = NO;
				ENABLE_STRICT_OBJC_MSGSEND = YES;
				GCC_C_LANGUAGE_STANDARD = gnu11;
				GCC_NO_COMMON_BLOCKS = YES;
				GCC_WARN_64_TO_32_BIT_CONVERSION = YES;
				GCC_WARN_ABOUT_RETURN_TYPE = YES_ERROR;
				GCC_WARN_UNDECLARED_SELECTOR = YES;
				GCC_WARN_UNINITIALIZED_AUTOS = YES_AGGRESSIVE;
				GCC_WARN_UNUSED_FUNCTION = YES;
				GCC_WARN_UNUSED_VARIABLE = YES;
				IPHONEOS_DEPLOYMENT_TARGET = 16.0;
				MTL_ENABLE_DEBUG_INFO = NO;
				MTL_FAST_MATH = YES;
				SDKROOT = iphoneos;
				SWIFT_COMPILATION_MODE = wholemodule;
				SWIFT_OPTIMIZATION_LEVEL = "-O";
				VALIDATE_PRODUCT = YES;
			};
			name = Release;
		};
		E4B7E43928D1758600C69D4E /* Debug */ = {
			isa = XCBuildConfiguration;
			buildSettings = {
				ASSETCATALOG_COMPILER_APPICON_NAME = AppIcon;
				ASSETCATALOG_COMPILER_GLOBAL_ACCENT_COLOR_NAME = AccentColor;
				CODE_SIGN_STYLE = Automatic;
				CURRENT_PROJECT_VERSION = 1;
				DEVELOPMENT_ASSET_PATHS = "\"Serotonix/Preview Content\"";
				DEVELOPMENT_TEAM = 3GB4PRBCNM;
				ENABLE_PREVIEWS = YES;
				GENERATE_INFOPLIST_FILE = YES;
				INFOPLIST_FILE = Serotonix/Info.plist;
				INFOPLIST_KEY_UIApplicationSceneManifest_Generation = YES;
				INFOPLIST_KEY_UIApplicationSupportsIndirectInputEvents = YES;
				INFOPLIST_KEY_UILaunchScreen_Generation = YES;
				INFOPLIST_KEY_UISupportedInterfaceOrientations_iPad = "UIInterfaceOrientationPortrait UIInterfaceOrientationPortraitUpsideDown UIInterfaceOrientationLandscapeLeft UIInterfaceOrientationLandscapeRight";
				INFOPLIST_KEY_UISupportedInterfaceOrientations_iPhone = "UIInterfaceOrientationPortrait UIInterfaceOrientationLandscapeLeft UIInterfaceOrientationLandscapeRight";
				LD_RUNPATH_SEARCH_PATHS = (
					"$(inherited)",
					"@executable_path/Frameworks",
				);
				MARKETING_VERSION = 1.0;
				PRODUCT_BUNDLE_IDENTIFIER = com.lethanix.Serotonix;
				PRODUCT_NAME = "$(TARGET_NAME)";
				SWIFT_EMIT_LOC_STRINGS = YES;
				SWIFT_VERSION = 5.0;
				TARGETED_DEVICE_FAMILY = "1,2";
			};
			name = Debug;
		};
		E4B7E43A28D1758600C69D4E /* Release */ = {
			isa = XCBuildConfiguration;
			buildSettings = {
				ASSETCATALOG_COMPILER_APPICON_NAME = AppIcon;
				ASSETCATALOG_COMPILER_GLOBAL_ACCENT_COLOR_NAME = AccentColor;
				CODE_SIGN_STYLE = Automatic;
				CURRENT_PROJECT_VERSION = 1;
				DEVELOPMENT_ASSET_PATHS = "\"Serotonix/Preview Content\"";
				DEVELOPMENT_TEAM = 3GB4PRBCNM;
				ENABLE_PREVIEWS = YES;
				GENERATE_INFOPLIST_FILE = YES;
				INFOPLIST_FILE = Serotonix/Info.plist;
				INFOPLIST_KEY_UIApplicationSceneManifest_Generation = YES;
				INFOPLIST_KEY_UIApplicationSupportsIndirectInputEvents = YES;
				INFOPLIST_KEY_UILaunchScreen_Generation = YES;
				INFOPLIST_KEY_UISupportedInterfaceOrientations_iPad = "UIInterfaceOrientationPortrait UIInterfaceOrientationPortraitUpsideDown UIInterfaceOrientationLandscapeLeft UIInterfaceOrientationLandscapeRight";
				INFOPLIST_KEY_UISupportedInterfaceOrientations_iPhone = "UIInterfaceOrientationPortrait UIInterfaceOrientationLandscapeLeft UIInterfaceOrientationLandscapeRight";
				LD_RUNPATH_SEARCH_PATHS = (
					"$(inherited)",
					"@executable_path/Frameworks",
				);
				MARKETING_VERSION = 1.0;
				PRODUCT_BUNDLE_IDENTIFIER = com.lethanix.Serotonix;
				PRODUCT_NAME = "$(TARGET_NAME)";
				SWIFT_EMIT_LOC_STRINGS = YES;
				SWIFT_VERSION = 5.0;
				TARGETED_DEVICE_FAMILY = "1,2";
			};
			name = Release;
		};
		E4B7E43C28D1758600C69D4E /* Debug */ = {
			isa = XCBuildConfiguration;
			buildSettings = {
				ALWAYS_EMBED_SWIFT_STANDARD_LIBRARIES = YES;
				BUNDLE_LOADER = "$(TEST_HOST)";
				CODE_SIGN_STYLE = Automatic;
				CURRENT_PROJECT_VERSION = 1;
				DEVELOPMENT_TEAM = 3GB4PRBCNM;
				GENERATE_INFOPLIST_FILE = YES;
				IPHONEOS_DEPLOYMENT_TARGET = 16.0;
				MARKETING_VERSION = 1.0;
				PRODUCT_BUNDLE_IDENTIFIER = com.lethanix.SerotonixTests;
				PRODUCT_NAME = "$(TARGET_NAME)";
				SWIFT_EMIT_LOC_STRINGS = NO;
				SWIFT_VERSION = 5.0;
				TARGETED_DEVICE_FAMILY = "1,2";
				TEST_HOST = "$(BUILT_PRODUCTS_DIR)/Serotonix.app/$(BUNDLE_EXECUTABLE_FOLDER_PATH)/Serotonix";
			};
			name = Debug;
		};
		E4B7E43D28D1758600C69D4E /* Release */ = {
			isa = XCBuildConfiguration;
			buildSettings = {
				ALWAYS_EMBED_SWIFT_STANDARD_LIBRARIES = YES;
				BUNDLE_LOADER = "$(TEST_HOST)";
				CODE_SIGN_STYLE = Automatic;
				CURRENT_PROJECT_VERSION = 1;
				DEVELOPMENT_TEAM = 3GB4PRBCNM;
				GENERATE_INFOPLIST_FILE = YES;
				IPHONEOS_DEPLOYMENT_TARGET = 16.0;
				MARKETING_VERSION = 1.0;
				PRODUCT_BUNDLE_IDENTIFIER = com.lethanix.SerotonixTests;
				PRODUCT_NAME = "$(TARGET_NAME)";
				SWIFT_EMIT_LOC_STRINGS = NO;
				SWIFT_VERSION = 5.0;
				TARGETED_DEVICE_FAMILY = "1,2";
				TEST_HOST = "$(BUILT_PRODUCTS_DIR)/Serotonix.app/$(BUNDLE_EXECUTABLE_FOLDER_PATH)/Serotonix";
			};
			name = Release;
		};
		E4B7E43F28D1758600C69D4E /* Debug */ = {
			isa = XCBuildConfiguration;
			buildSettings = {
				ALWAYS_EMBED_SWIFT_STANDARD_LIBRARIES = YES;
				CODE_SIGN_STYLE = Automatic;
				CURRENT_PROJECT_VERSION = 1;
				DEVELOPMENT_TEAM = 3GB4PRBCNM;
				GENERATE_INFOPLIST_FILE = YES;
				MARKETING_VERSION = 1.0;
				PRODUCT_BUNDLE_IDENTIFIER = com.lethanix.SerotonixUITests;
				PRODUCT_NAME = "$(TARGET_NAME)";
				SWIFT_EMIT_LOC_STRINGS = NO;
				SWIFT_VERSION = 5.0;
				TARGETED_DEVICE_FAMILY = "1,2";
				TEST_TARGET_NAME = Serotonix;
			};
			name = Debug;
		};
		E4B7E44028D1758600C69D4E /* Release */ = {
			isa = XCBuildConfiguration;
			buildSettings = {
				ALWAYS_EMBED_SWIFT_STANDARD_LIBRARIES = YES;
				CODE_SIGN_STYLE = Automatic;
				CURRENT_PROJECT_VERSION = 1;
				DEVELOPMENT_TEAM = 3GB4PRBCNM;
				GENERATE_INFOPLIST_FILE = YES;
				MARKETING_VERSION = 1.0;
				PRODUCT_BUNDLE_IDENTIFIER = com.lethanix.SerotonixUITests;
				PRODUCT_NAME = "$(TARGET_NAME)";
				SWIFT_EMIT_LOC_STRINGS = NO;
				SWIFT_VERSION = 5.0;
				TARGETED_DEVICE_FAMILY = "1,2";
				TEST_TARGET_NAME = Serotonix;
			};
			name = Release;
		};
/* End XCBuildConfiguration section */

/* Begin XCConfigurationList section */
		E4B7E40F28D1758400C69D4E /* Build configuration list for PBXProject "Serotonix" */ = {
			isa = XCConfigurationList;
			buildConfigurations = (
				E4B7E43628D1758600C69D4E /* Debug */,
				E4B7E43728D1758600C69D4E /* Release */,
			);
			defaultConfigurationIsVisible = 0;
			defaultConfigurationName = Release;
		};
		E4B7E43828D1758600C69D4E /* Build configuration list for PBXNativeTarget "Serotonix" */ = {
			isa = XCConfigurationList;
			buildConfigurations = (
				E4B7E43928D1758600C69D4E /* Debug */,
				E4B7E43A28D1758600C69D4E /* Release */,
			);
			defaultConfigurationIsVisible = 0;
			defaultConfigurationName = Release;
		};
		E4B7E43B28D1758600C69D4E /* Build configuration list for PBXNativeTarget "SerotonixTests" */ = {
			isa = XCConfigurationList;
			buildConfigurations = (
				E4B7E43C28D1758600C69D4E /* Debug */,
				E4B7E43D28D1758600C69D4E /* Release */,
			);
			defaultConfigurationIsVisible = 0;
			defaultConfigurationName = Release;
		};
		E4B7E43E28D1758600C69D4E /* Build configuration list for PBXNativeTarget "SerotonixUITests" */ = {
			isa = XCConfigurationList;
			buildConfigurations = (
				E4B7E43F28D1758600C69D4E /* Debug */,
				E4B7E44028D1758600C69D4E /* Release */,
			);
			defaultConfigurationIsVisible = 0;
			defaultConfigurationName = Release;
		};
/* End XCConfigurationList section */
	};
	rootObject = E4B7E40C28D1758400C69D4E /* Project object */;
}
